{
  "name": "Tuio.js",
  "version": "0.0.1",
  "dependencies": {
    "active-x-obfuscator": {
      "version": "0.0.1",
      "from": "active-x-obfuscator@0.0.1",
      "resolved": "https://registry.npmjs.org/active-x-obfuscator/-/active-x-obfuscator-0.0.1.tgz"
    },
    "commander": {
      "version": "2.1.0",
      "from": "commander@>=2.1.0 <2.2.0",
      "resolved": "https://registry.npmjs.org/commander/-/commander-2.1.0.tgz"
    },
    "connect": {
      "version": "1.9.2",
      "from": "connect@>=1.0.0 <2.0.0",
      "resolved": "https://registry.npmjs.org/connect/-/connect-1.9.2.tgz"
    },
    "express": {
      "version": "2.5.9",
      "from": "express@2.5.9",
      "resolved": "https://registry.npmjs.org/express/-/express-2.5.9.tgz"
    },
    "formidable": {
      "version": "1.0.17",
      "from": "formidable@>=1.0.0 <1.1.0",
      "resolved": "https://registry.npmjs.org/formidable/-/formidable-1.0.17.tgz"
    },
    "jspack": {
      "version": "0.0.1",
      "from": "jspack@0.0.1",
      "resolved": "https://registry.npmjs.org/jspack/-/jspack-0.0.1.tgz"
    },
    "lodash": {
      "version": "0.1.0",
      "from": "lodash@>=0.1.0 <0.2.0",
      "resolved": "https://registry.npmjs.org/lodash/-/lodash-0.1.0.tgz"
    },
    "mime": {
      "version": "1.2.4",
      "from": "mime@1.2.4",
      "resolved": "https://registry.npmjs.org/mime/-/mime-1.2.4.tgz"
    },
    "mkdirp": {
      "version": "0.3.0",
      "from": "mkdirp@0.3.0",
      "resolved": "https://registry.npmjs.org/mkdirp/-/mkdirp-0.3.0.tgz"
    },
    "mustache": {
      "version": "2.2.1",
      "from": "mustache@latest",
      "resolved": "https://registry.npmjs.org/mustache/-/mustache-2.2.1.tgz"
    },
    "nan": {
      "version": "1.0.0",
      "from": "nan@>=1.0.0 <1.1.0",
      "resolved": "https://registry.npmjs.org/nan/-/nan-1.0.0.tgz"
    },
    "options": {
      "version": "0.0.6",
      "from": "options@>=0.0.5",
      "resolved": "https://registry.npmjs.org/options/-/options-0.0.6.tgz"
    },
    "policyfile": {
      "version": "0.0.4",
      "from": "policyfile@0.0.4",
      "resolved": "https://registry.npmjs.org/policyfile/-/policyfile-0.0.4.tgz"
    },
    "qs": {
      "version": "0.4.2",
      "from": "qs@>=0.4.0 <0.5.0",
      "resolved": "https://registry.npmjs.org/qs/-/qs-0.4.2.tgz"
    },
    "redis": {
      "version": "0.6.7",
      "from": "redis@0.6.7",
      "resolved": "https://registry.npmjs.org/redis/-/redis-0.6.7.tgz"
    },
    "socket.io": {
      "version": "0.9.6",
      "from": "socket.io@0.9.6",
      "resolved": "https://registry.npmjs.org/socket.io/-/socket.io-0.9.6.tgz"
    },
    "socket.io-client": {
      "version": "0.9.6",
      "from": "socket.io-client@0.9.6",
      "resolved": "https://registry.npmjs.org/socket.io-client/-/socket.io-client-0.9.6.tgz"
    },
    "tinycolor": {
      "version": "0.0.1",
      "from": "tinycolor@>=0.0.0 <1.0.0",
      "resolved": "https://registry.npmjs.org/tinycolor/-/tinycolor-0.0.1.tgz"
    },
    "tuio": {
      "version": "1.0.0",
      "from": "tuio@>=1.0.0 <1.1.0",
      "resolved": "https://registry.npmjs.org/tuio/-/tuio-1.0.0.tgz"
    },
    "uglify-js": {
      "version": "1.2.5",
      "from": "uglify-js@1.2.5",
      "resolved": "https://registry.npmjs.org/uglify-js/-/uglify-js-1.2.5.tgz"
    },
    "ws": {
      "version": "0.4.32",
      "from": "ws@>=0.4.0 <0.5.0",
      "resolved": "https://registry.npmjs.org/ws/-/ws-0.4.32.tgz"
    },
    "xmlhttprequest": {
      "version": "1.2.2",
      "from": "xmlhttprequest@1.2.2",
      "resolved": "https://registry.npmjs.org/xmlhttprequest/-/xmlhttprequest-1.2.2.tgz"
    },
    "zeparser": {
      "version": "0.0.5",
      "from": "zeparser@0.0.5",
      "resolved": "https://registry.npmjs.org/zeparser/-/zeparser-0.0.5.tgz"
    }
  }
}
